{
  "name": "canvasbench-cline-runtime",
  "version": "1.0.0",
  "lockfileVersion": 3,
  "requires": true,
  "packages": {
    "": {
      "name": "canvasbench-cline-runtime",
      "version": "1.0.0",
      "dependencies": {
        "@cline/cli-linux-x64": "3.0.46"
      }
    },
    "node_modules/@cline/cli-linux-x64": {
      "version": "3.0.46",
      "resolved": "https://registry.npmjs.org/@cline/cli-linux-x64/-/cli-linux-x64-3.0.46.tgz",
      "integrity": "sha512-JztvDCeuqU/pnZfbf3fRmYQhoWv+wkL5r2Sb22fLP21lzP5wyV5APerwauEMlRYpb93sQknOMnkKtKe5+MspLg==",
      "cpu": [
        "x64"
      ],
      "os": [
        "linux"
      ],
      "bin": {
        "cline": "bin/cline"
      }
    }
  }
}
