{
  "name": "opencode",
  "lockfileVersion": 3,
  "requires": true,
  "packages": {
    "": {
      "dependencies": {
        "@ai-sdk/openai-compatible": "3.0.14",
        "opencode-ai": "1.18.5"
      }
    },
    "node_modules/@ai-sdk/openai-compatible": {
      "version": "3.0.14",
      "resolved": "https://registry.npmjs.org/@ai-sdk/openai-compatible/-/openai-compatible-3.0.14.tgz",
      "integrity": "sha512-nUl7dBHUDTqcnuWGnEbKMwDDqL94BxRfibLwYv8uWp+kZn8Zqdxy7tUBt4sv2hpHQi+S2P6bUyqW18xmbykErw==",
      "license": "Apache-2.0",
      "dependencies": {
        "@ai-sdk/provider": "4.0.3",
        "@ai-sdk/provider-utils": "5.0.12"
      },
      "engines": {
        "node": ">=22"
      },
      "peerDependencies": {
        "zod": "^3.25.76 || ^4.1.8"
      }
    },
    "node_modules/@ai-sdk/provider": {
      "version": "4.0.3",
      "resolved": "https://registry.npmjs.org/@ai-sdk/provider/-/provider-4.0.3.tgz",
      "integrity": "sha512-e0CpNWJUY7OxAFAnCZkw+ri9QOHWwTs1tXP42782KFGCU07qt8NiXCrCVowyCB5dP2r5/Uls+g2oPd8kOJn9dw==",
      "license": "Apache-2.0",
      "dependencies": {
        "json-schema": "^0.4.0"
      },
      "engines": {
        "node": ">=22"
      }
    },
    "node_modules/@ai-sdk/provider-utils": {
      "version": "5.0.12",
      "resolved": "https://registry.npmjs.org/@ai-sdk/provider-utils/-/provider-utils-5.0.12.tgz",
      "integrity": "sha512-bbhlOgHeYwrIGheLkM6fhS8hVger8uFPmcOLg+kxc9EFh7y30XYorWhthlYAgpadO3SJhFZrIcEknN7qEqEVvA==",
      "license": "Apache-2.0",
      "dependencies": {
        "@ai-sdk/provider": "4.0.3",
        "@standard-schema/spec": "^1.1.0",
        "@workflow/serde": "4.1.0",
        "eventsource-parser": "^3.0.8"
      },
      "engines": {
        "node": ">=22"
      },
      "peerDependencies": {
        "zod": "^3.25.76 || ^4.1.8"
      }
    },
    "node_modules/@standard-schema/spec": {
      "version": "1.1.0",
      "resolved": "https://registry.npmjs.org/@standard-schema/spec/-/spec-1.1.0.tgz",
      "integrity": "sha512-l2aFy5jALhniG5HgqrD6jXLi/rUWrKvqN/qJx6yoJsgKhblVd+iqqU4RCXavm/jPityDo5TCvKMnpjKnOriy0w==",
      "license": "MIT"
    },
    "node_modules/@workflow/serde": {
      "version": "4.1.0",
      "resolved": "https://registry.npmjs.org/@workflow/serde/-/serde-4.1.0.tgz",
      "integrity": "sha512-pav4F2BoirECWR7Nf1TKt+2eETcBj7jj4cBefQ8VXQCA6NPkaKeLfj/zMgi+3zYV5ZIBT4GuUiphsj0/b9hPQQ==",
      "license": "Apache-2.0"
    },
    "node_modules/eventsource-parser": {
      "version": "3.1.0",
      "resolved": "https://registry.npmjs.org/eventsource-parser/-/eventsource-parser-3.1.0.tgz",
      "integrity": "sha512-kJezFj9YFAMLeORyi7aCLxLbD5/qWMQnoMVlVPyHIll7lgRJCc3JVln9Vgl9nwQi0YkMnhdGTMNn7CkRRAptMg==",
      "license": "MIT",
      "engines": {
        "node": ">=18.0.0"
      }
    },
    "node_modules/json-schema": {
      "version": "0.4.0",
      "resolved": "https://registry.npmjs.org/json-schema/-/json-schema-0.4.0.tgz",
      "integrity": "sha512-es94M3nTIfsEPisRafak+HDLfHXnKBhV3vU5eqPcS3flIWqcxJWgXHXiey3YrpaNsanY5ei1VoYEbOzijuq9BA==",
      "license": "(AFL-2.1 OR BSD-3-Clause)"
    },
    "node_modules/opencode-ai": {
      "version": "1.18.5",
      "resolved": "https://registry.npmjs.org/opencode-ai/-/opencode-ai-1.18.5.tgz",
      "integrity": "sha512-Q0jlX4ihn7veMeYsLX3c4PYFAKIURU3GIpXt1FnhNxNn3v8+RpIZ8z9umG5D0r8g8Smp9fZLGjgLe/9mJ4NyYw==",
      "cpu": [
        "arm64",
        "x64"
      ],
      "hasInstallScript": true,
      "license": "MIT",
      "os": [
        "darwin",
        "linux",
        "win32"
      ],
      "bin": {
        "opencode": "bin/opencode.exe"
      },
      "optionalDependencies": {
        "opencode-darwin-arm64": "1.18.5",
        "opencode-darwin-x64": "1.18.5",
        "opencode-darwin-x64-baseline": "1.18.5",
        "opencode-linux-arm64": "1.18.5",
        "opencode-linux-arm64-musl": "1.18.5",
        "opencode-linux-x64": "1.18.5",
        "opencode-linux-x64-baseline": "1.18.5",
        "opencode-linux-x64-baseline-musl": "1.18.5",
        "opencode-linux-x64-musl": "1.18.5",
        "opencode-windows-arm64": "1.18.5",
        "opencode-windows-x64": "1.18.5",
        "opencode-windows-x64-baseline": "1.18.5"
      }
    },
    "node_modules/opencode-darwin-arm64": {
      "version": "1.18.5",
      "resolved": "https://registry.npmjs.org/opencode-darwin-arm64/-/opencode-darwin-arm64-1.18.5.tgz",
      "integrity": "sha512-an4t+aOHTREf1f1Z8mNIyEoy1iJL+434BuB+2UKFuAarMUaV37SWkPiS4oW8nvJjXyb8LC0AFSeVA8AeBy44cg==",
      "cpu": [
        "arm64"
      ],
      "optional": true,
      "os": [
        "darwin"
      ]
    },
    "node_modules/opencode-darwin-x64": {
      "version": "1.18.5",
      "resolved": "https://registry.npmjs.org/opencode-darwin-x64/-/opencode-darwin-x64-1.18.5.tgz",
      "integrity": "sha512-mAXaO4qje89avIEclKeUHmuj0DJG4PBYljtGuMJaJtnQVNns/BzfZb4bR8IYfVXTv0QwYk2Sudju/mGN5vpNNA==",
      "cpu": [
        "x64"
      ],
      "optional": true,
      "os": [
        "darwin"
      ]
    },
    "node_modules/opencode-darwin-x64-baseline": {
      "version": "1.18.5",
      "resolved": "https://registry.npmjs.org/opencode-darwin-x64-baseline/-/opencode-darwin-x64-baseline-1.18.5.tgz",
      "integrity": "sha512-7coC1U01D3YoKiJFT/qop7zO6bGwJ+5NgkxV/SZvRbgfXFbaXpG4c38q/YOk6QcC3aJ11/3R7qgUFkfkyHFUPQ==",
      "cpu": [
        "x64"
      ],
      "optional": true,
      "os": [
        "darwin"
      ]
    },
    "node_modules/opencode-linux-arm64": {
      "version": "1.18.5",
      "resolved": "https://registry.npmjs.org/opencode-linux-arm64/-/opencode-linux-arm64-1.18.5.tgz",
      "integrity": "sha512-cnv2IAi/TpitYJUq44TC0Ci5zVCi9Qspx/7P2pDNcp5IH9f6U58t9oi9WpHyVtkFthAQc2CdSIByb3HuduscAg==",
      "cpu": [
        "arm64"
      ],
      "optional": true,
      "os": [
        "linux"
      ]
    },
    "node_modules/opencode-linux-arm64-musl": {
      "version": "1.18.5",
      "resolved": "https://registry.npmjs.org/opencode-linux-arm64-musl/-/opencode-linux-arm64-musl-1.18.5.tgz",
      "integrity": "sha512-GsX09fuzCUfRpDnZ/cS4Z0N4B6yk+Yckr1kXB2Z0sN2hajxqypOpwUkzaS/MkGgbRHP3vR2fFZQj0FSORHvy8w==",
      "cpu": [
        "arm64"
      ],
      "optional": true,
      "os": [
        "linux"
      ]
    },
    "node_modules/opencode-linux-x64": {
      "version": "1.18.5",
      "resolved": "https://registry.npmjs.org/opencode-linux-x64/-/opencode-linux-x64-1.18.5.tgz",
      "integrity": "sha512-aa/Y6xznaGtE0kA2sZKdddY7iNBw/yrXWH0mA6fGs4GgrYc9jcXS+UXLwLZLWZwLLYBOFYoAoyeWiJoEZ0ba6w==",
      "cpu": [
        "x64"
      ],
      "optional": true,
      "os": [
        "linux"
      ]
    },
    "node_modules/opencode-linux-x64-baseline": {
      "version": "1.18.5",
      "resolved": "https://registry.npmjs.org/opencode-linux-x64-baseline/-/opencode-linux-x64-baseline-1.18.5.tgz",
      "integrity": "sha512-4eXOJCG/8KmPUlFe2vJTT7u24GOF8VMLPHlNjqrwu31CxlT+csEk287lI0ayPX3J0R1pbG71HLcJLqsokR+wvw==",
      "cpu": [
        "x64"
      ],
      "optional": true,
      "os": [
        "linux"
      ]
    },
    "node_modules/opencode-linux-x64-baseline-musl": {
      "version": "1.18.5",
      "resolved": "https://registry.npmjs.org/opencode-linux-x64-baseline-musl/-/opencode-linux-x64-baseline-musl-1.18.5.tgz",
      "integrity": "sha512-2DdvOrg5kE2kaGdeFF/ifV9QfVFmzQM8eOthDTvDDdMm4fCWF1tmVpBdpcLO5tzZmVpO3M0aT6+TiF8/nKmq+A==",
      "cpu": [
        "x64"
      ],
      "optional": true,
      "os": [
        "linux"
      ]
    },
    "node_modules/opencode-linux-x64-musl": {
      "version": "1.18.5",
      "resolved": "https://registry.npmjs.org/opencode-linux-x64-musl/-/opencode-linux-x64-musl-1.18.5.tgz",
      "integrity": "sha512-RrXkgR9SWRO9nP+kopCga/Cry2LrkPC+GaM0UIMUMaso/p3OJDSRinwFdSSNCf+J8JlI6vzjb1+eUyRApSWjtQ==",
      "cpu": [
        "x64"
      ],
      "optional": true,
      "os": [
        "linux"
      ]
    },
    "node_modules/opencode-windows-arm64": {
      "version": "1.18.5",
      "resolved": "https://registry.npmjs.org/opencode-windows-arm64/-/opencode-windows-arm64-1.18.5.tgz",
      "integrity": "sha512-9424cw1gPH+aLCN06NfRFk0j+KbYizguReEo8Ftsg4HHK09qAFtFwjc9rcakkWCSoF+an4U5fDOG1jfcf9jYcA==",
      "cpu": [
        "arm64"
      ],
      "optional": true,
      "os": [
        "win32"
      ]
    },
    "node_modules/opencode-windows-x64": {
      "version": "1.18.5",
      "resolved": "https://registry.npmjs.org/opencode-windows-x64/-/opencode-windows-x64-1.18.5.tgz",
      "integrity": "sha512-b1cbKqn4RMWVH+I6utY0Qtgf/fXwu/asaa4sgrTOV//yrhxL42NKITD+nAzscgzHHzX1kzDkl8I2OBtW/KXWJg==",
      "cpu": [
        "x64"
      ],
      "optional": true,
      "os": [
        "win32"
      ]
    },
    "node_modules/opencode-windows-x64-baseline": {
      "version": "1.18.5",
      "resolved": "https://registry.npmjs.org/opencode-windows-x64-baseline/-/opencode-windows-x64-baseline-1.18.5.tgz",
      "integrity": "sha512-KC9vzFEnwIXMaARLftiLqjtmVig6u7u+nzwya2UXr+b7DJj3LkSzSkv3jFD9AIGNox2saOr47Gt9VMeCtr6O6w==",
      "cpu": [
        "x64"
      ],
      "optional": true,
      "os": [
        "win32"
      ]
    },
    "node_modules/zod": {
      "version": "4.4.3",
      "resolved": "https://registry.npmjs.org/zod/-/zod-4.4.3.tgz",
      "integrity": "sha512-ytENFjIJFl2UwYglde2jchW2Hwm4GJFLDiSXWdTrJQBIN9Fcyp7n4DhxJEiWNAJMV1/BqWfW/kkg71UDcHJyTQ==",
      "license": "MIT",
      "peer": true,
      "funding": {
        "url": "https://github.com/sponsors/colinhacks"
      }
    }
  }
}
